// !$*UTF8*$!
{
	archiveVersion = 1;
	classes = {
	};
	objectVersion = 56;
	objects = {

/* Begin PBXBuildFile section */
		F238F720291F6B5300202896 /* AppDelegate.swift in Sources */ = {isa = PBXBuildFile; fileRef = F238F71F291F6B5300202896 /* AppDelegate.swift */; };
		F238F722291F6B5300202896 /* SceneDelegate.swift in Sources */ = {isa = PBXBuildFile; fileRef = F238F721291F6B5300202896 /* SceneDelegate.swift */; };
		F238F724291F6B5300202896 /* ViewController.swift in Sources */ = {isa = PBXBuildFile; fileRef = F238F723291F6B5300202896 /* ViewController.swift */; };
		F238F727291F6B5300202896 /* Main.storyboard in Resources */ = {isa = PBXBuildFile; fileRef = F238F725291F6B5300202896 /* Main.storyboard */; };
		F238F729291F6B5500202896 /* Assets.xcassets in Resources */ = {isa = PBXBuildFile; fileRef = F238F728291F6B5500202896 /* Assets.xcassets */; };
		F238F72C291F6B5500202896 /* LaunchScreen.storyboard in Resources */ = {isa = PBXBuildFile; fileRef = F238F72A291F6B5500202896 /* LaunchScreen.storyboard */; };
		F238F737291F6B5500202896 /* MergeMultipleVideoDemoTests.swift in Sources */ = {isa = PBXBuildFile; fileRef = F238F736291F6B5500202896 /* MergeMultipleVideoDemoTests.swift */; };
		F238F741291F6B5500202896 /* MergeMultipleVideoDemoUITests.swift in Sources */ = {isa = PBXBuildFile; fileRef = F238F740291F6B5500202896 /* MergeMultipleVideoDemoUITests.swift */; };
		F238F743291F6B5500202896 /* MergeMultipleVideoDemoUITestsLaunchTests.swift in Sources */ = {isa = PBXBuildFile; fileRef = F238F742291F6B5500202896 /* MergeMultipleVideoDemoUITestsLaunchTests.swift */; };
		F238F750291F6B7600202896 /* VideoEditor.swift in Sources */ = {isa = PBXBuildFile; fileRef = F238F74F291F6B7600202896 /* VideoEditor.swift */; };
		F238F754291F812400202896 /* movie.mov in Resources */ = {isa = PBXBuildFile; fileRef = F238F753291F812400202896 /* movie.mov */; };
		F238F756291F821100202896 /* ssss.mov in Resources */ = {isa = PBXBuildFile; fileRef = F238F755291F821100202896 /* ssss.mov */; };
		F26CFDE02921D65100CAD9FA /* pointFilm.mp4 in Resources */ = {isa = PBXBuildFile; fileRef = F26CFDDF2921D65100CAD9FA /* pointFilm.mp4 */; };
/* End PBXBuildFile section */

/* Begin PBXContainerItemProxy section */
		F238F733291F6B5500202896 /* PBXContainerItemProxy */ = {
			isa = PBXContainerItemProxy;
			containerPortal = F238F714291F6B5300202896 /* Project object */;
			proxyType = 1;
			remoteGlobalIDString = F238F71B291F6B5300202896;
			remoteInfo = MergeMultipleVideoDemo;
		};
		F238F73D291F6B5500202896 /* PBXContainerItemProxy */ = {
			isa = PBXContainerItemProxy;
			containerPortal = F238F714291F6B5300202896 /* Project object */;
			proxyType = 1;
			remoteGlobalIDString = F238F71B291F6B5300202896;
			remoteInfo = MergeMultipleVideoDemo;
		};
/* End PBXContainerItemProxy section */

/* Begin PBXFileReference section */
		F238F71C291F6B5300202896 /* MergeMultipleVideoDemo.app */ = {isa = PBXFileReference; explicitFileType = wrapper.application; includeInIndex = 0; path = MergeMultipleVideoDemo.app; sourceTree = BUILT_PRODUCTS_DIR; };
		F238F71F291F6B5300202896 /* AppDelegate.swift */ = {isa = PBXFileReference; lastKnownFileType = sourcecode.swift; path = AppDelegate.swift; sourceTree = "<group>"; };
		F238F721291F6B5300202896 /* SceneDelegate.swift */ = {isa = PBXFileReference; lastKnownFileType = sourcecode.swift; path = SceneDelegate.swift; sourceTree = "<group>"; };
		F238F723291F6B5300202896 /* ViewController.swift */ = {isa = PBXFileReference; lastKnownFileType = sourcecode.swift; path = ViewController.swift; sourceTree = "<group>"; };
		F238F726291F6B5300202896 /* Base */ = {isa = PBXFileReference; lastKnownFileType = file.storyboard; name = Base; path = Base.lproj/Main.storyboard; sourceTree = "<group>"; };
		F238F728291F6B5500202896 /* Assets.xcassets */ = {isa = PBXFileReference; lastKnownFileType = folder.assetcatalog; path = Assets.xcassets; sourceTree = "<group>"; };
		F238F72B291F6B5500202896 /* Base */ = {isa = PBXFileReference; lastKnownFileType = file.storyboard; name = Base; path = Base.lproj/LaunchScreen.storyboard; sourceTree = "<group>"; };
		F238F72D291F6B5500202896 /* Info.plist */ = {isa = PBXFileReference; lastKnownFileType = text.plist.xml; path = Info.plist; sourceTree = "<group>"; };
		F238F732291F6B5500202896 /* MergeMultipleVideoDemoTests.xctest */ = {isa = PBXFileReference; explicitFileType = wrapper.cfbundle; includeInIndex = 0; path = MergeMultipleVideoDemoTests.xctest; sourceTree = BUILT_PRODUCTS_DIR; };
		F238F736291F6B5500202896 /* MergeMultipleVideoDemoTests.swift */ = {isa = PBXFileReference; lastKnownFileType = sourcecode.swift; path = MergeMultipleVideoDemoTests.swift; sourceTree = "<group>"; };
		F238F73C291F6B5500202896 /* MergeMultipleVideoDemoUITests.xctest */ = {isa = PBXFileReference; explicitFileType = wrapper.cfbundle; includeInIndex = 0; path = MergeMultipleVideoDemoUITests.xctest; sourceTree = BUILT_PRODUCTS_DIR; };
		F238F740291F6B5500202896 /* MergeMultipleVideoDemoUITests.swift */ = {isa = PBXFileReference; lastKnownFileType = sourcecode.swift; path = MergeMultipleVideoDemoUITests.swift; sourceTree = "<group>"; };
		F238F742291F6B5500202896 /* MergeMultipleVideoDemoUITestsLaunchTests.swift */ = {isa = PBXFileReference; lastKnownFileType = sourcecode.swift; path = MergeMultipleVideoDemoUITestsLaunchTests.swift; sourceTree = "<group>"; };
		F238F74F291F6B7600202896 /* VideoEditor.swift */ = {isa = PBXFileReference; lastKnownFileType = sourcecode.swift; path = VideoEditor.swift; sourceTree = "<group>"; };
		F238F753291F812400202896 /* movie.mov */ = {isa = PBXFileReference; lastKnownFileType = video.quicktime; path = movie.mov; sourceTree = "<group>"; };
		F238F755291F821100202896 /* ssss.mov */ = {isa = PBXFileReference; lastKnownFileType = video.quicktime; path = ssss.mov; sourceTree = "<group>"; };
		F26CFDDF2921D65100CAD9FA /* pointFilm.mp4 */ = {isa = PBXFileReference; lastKnownFileType = file; path = pointFilm.mp4; sourceTree = "<group>"; };
/* End PBXFileReference section */

/* Begin PBXFrameworksBuildPhase section */
		F238F719291F6B5300202896 /* Frameworks */ = {
			isa = PBXFrameworksBuildPhase;
			buildActionMask = 2147483647;
			files = (
			);
			runOnlyForDeploymentPostprocessing = 0;
		};
		F238F72F291F6B5500202896 /* Frameworks */ = {
			isa = PBXFrameworksBuildPhase;
			buildActionMask = 2147483647;
			files = (
			);
			runOnlyForDeploymentPostprocessing = 0;
		};
		F238F739291F6B5500202896 /* Frameworks */ = {
			isa = PBXFrameworksBuildPhase;
			buildActionMask = 2147483647;
			files = (
			);
			runOnlyForDeploymentPostprocessing = 0;
		};
/* End PBXFrameworksBuildPhase section */

/* Begin PBXGroup section */
		F238F713291F6B5300202896 = {
			isa = PBXGroup;
			children = (
				F238F71E291F6B5300202896 /* MergeMultipleVideoDemo */,
				F238F735291F6B5500202896 /* MergeMultipleVideoDemoTests */,
				F238F73F291F6B5500202896 /* MergeMultipleVideoDemoUITests */,
				F238F71D291F6B5300202896 /* Products */,
			);
			sourceTree = "<group>";
		};
		F238F71D291F6B5300202896 /* Products */ = {
			isa = PBXGroup;
			children = (
				F238F71C291F6B5300202896 /* MergeMultipleVideoDemo.app */,
				F238F732291F6B5500202896 /* MergeMultipleVideoDemoTests.xctest */,
				F238F73C291F6B5500202896 /* MergeMultipleVideoDemoUITests.xctest */,
			);
			name = Products;
			sourceTree = "<group>";
		};
		F238F71E291F6B5300202896 /* MergeMultipleVideoDemo */ = {
			isa = PBXGroup;
			children = (
				F26CFDDF2921D65100CAD9FA /* pointFilm.mp4 */,
				F238F753291F812400202896 /* movie.mov */,
				F238F755291F821100202896 /* ssss.mov */,
				F238F71F291F6B5300202896 /* AppDelegate.swift */,
				F238F721291F6B5300202896 /* SceneDelegate.swift */,
				F238F723291F6B5300202896 /* ViewController.swift */,
				F238F725291F6B5300202896 /* Main.storyboard */,
				F238F728291F6B5500202896 /* Assets.xcassets */,
				F238F72A291F6B5500202896 /* LaunchScreen.storyboard */,
				F238F72D291F6B5500202896 /* Info.plist */,
				F238F74F291F6B7600202896 /* VideoEditor.swift */,
			);
			path = MergeMultipleVideoDemo;
			sourceTree = "<group>";
		};
		F238F735291F6B5500202896 /* MergeMultipleVideoDemoTests */ = {
			isa = PBXGroup;
			children = (
				F238F736291F6B5500202896 /* MergeMultipleVideoDemoTests.swift */,
			);
			path = MergeMultipleVideoDemoTests;
			sourceTree = "<group>";
		};
		F238F73F291F6B5500202896 /* MergeMultipleVideoDemoUITests */ = {
			isa = PBXGroup;
			children = (
				F238F740291F6B5500202896 /* MergeMultipleVideoDemoUITests.swift */,
				F238F742291F6B5500202896 /* MergeMultipleVideoDemoUITestsLaunchTests.swift */,
			);
			path = MergeMultipleVideoDemoUITests;
			sourceTree = "<group>";
		};
/* End PBXGroup section */

/* Begin PBXNativeTarget section */
		F238F71B291F6B5300202896 /* MergeMultipleVideoDemo */ = {
			isa = PBXNativeTarget;
			buildConfigurationList = F238F746291F6B5500202896 /* Build configuration list for PBXNativeTarget "MergeMultipleVideoDemo" */;
			buildPhases = (
				F238F718291F6B5300202896 /* Sources */,
				F238F719291F6B5300202896 /* Frameworks */,
				F238F71A291F6B5300202896 /* Resources */,
			);
			buildRules = (
			);
			dependencies = (
			);
			name = MergeMultipleVideoDemo;
			productName = MergeMultipleVideoDemo;
			productReference = F238F71C291F6B5300202896 /* MergeMultipleVideoDemo.app */;
			productType = "com.apple.product-type.application";
		};
		F238F731291F6B5500202896 /* MergeMultipleVideoDemoTests */ = {
			isa = PBXNativeTarget;
			buildConfigurationList = F238F749291F6B5500202896 /* Build configuration list for PBXNativeTarget "MergeMultipleVideoDemoTests" */;
			buildPhases = (
				F238F72E291F6B5500202896 /* Sources */,
				F238F72F291F6B5500202896 /* Frameworks */,
				F238F730291F6B5500202896 /* Resources */,
			);
			buildRules = (
			);
			dependencies = (
				F238F734291F6B5500202896 /* PBXTargetDependency */,
			);
			name = MergeMultipleVideoDemoTests;
			productName = MergeMultipleVideoDemoTests;
			productReference = F238F732291F6B5500202896 /* MergeMultipleVideoDemoTests.xctest */;
			productType = "com.apple.product-type.bundle.unit-test";
		};
		F238F73B291F6B5500202896 /* MergeMultipleVideoDemoUITests */ = {
			isa = PBXNativeTarget;
			buildConfigurationList = F238F74C291F6B5500202896 /* Build configuration list for PBXNativeTarget "MergeMultipleVideoDemoUITests" */;
			buildPhases = (
				F238F738291F6B5500202896 /* Sources */,
				F238F739291F6B5500202896 /* Frameworks */,
				F238F73A291F6B5500202896 /* Resources */,
			);
			buildRules = (
			);
			dependencies = (
				F238F73E291F6B5500202896 /* PBXTargetDependency */,
			);
			name = MergeMultipleVideoDemoUITests;
			productName = MergeMultipleVideoDemoUITests;
			productReference = F238F73C291F6B5500202896 /* MergeMultipleVideoDemoUITests.xctest */;
			productType = "com.apple.product-type.bundle.ui-testing";
		};
/* End PBXNativeTarget section */

/* Begin PBXProject section */
		F238F714291F6B5300202896 /* Project object */ = {
			isa = PBXProject;
			attributes = {
				BuildIndependentTargetsInParallel = 1;
				LastSwiftUpdateCheck = 1410;
				LastUpgradeCheck = 1410;
				TargetAttributes = {
					F238F71B291F6B5300202896 = {
						CreatedOnToolsVersion = 14.1;
					};
					F238F731291F6B5500202896 = {
						CreatedOnToolsVersion = 14.1;
						TestTargetID = F238F71B291F6B5300202896;
					};
					F238F73B291F6B5500202896 = {
						CreatedOnToolsVersion = 14.1;
						TestTargetID = F238F71B291F6B5300202896;
					};
				};
			};
			buildConfigurationList = F238F717291F6B5300202896 /* Build configuration list for PBXProject "MergeMultipleVideoDemo" */;
			compatibilityVersion = "Xcode 14.0";
			developmentRegion = en;
			hasScannedForEncodings = 0;
			knownRegions = (
				en,
				Base,
			);
			mainGroup = F238F713291F6B5300202896;
			productRefGroup = F238F71D291F6B5300202896 /* Products */;
			projectDirPath = "";
			projectRoot = "";
			targets = (
				F238F71B291F6B5300202896 /* MergeMultipleVideoDemo */,
				F238F731291F6B5500202896 /* MergeMultipleVideoDemoTests */,
				F238F73B291F6B5500202896 /* MergeMultipleVideoDemoUITests */,
			);
		};
/* End PBXProject section */

/* Begin PBXResourcesBuildPhase section */
		F238F71A291F6B5300202896 /* Resources */ = {
			isa = PBXResourcesBuildPhase;
			buildActionMask = 2147483647;
			files = (
				F238F72C291F6B5500202896 /* LaunchScreen.storyboard in Resources */,
				F238F754291F812400202896 /* movie.mov in Resources */,
				F238F729291F6B5500202896 /* Assets.xcassets in Resources */,
				F238F756291F821100202896 /* ssss.mov in Resources */,
				F26CFDE02921D65100CAD9FA /* pointFilm.mp4 in Resources */,
				F238F727291F6B5300202896 /* Main.storyboard in Resources */,
			);
			runOnlyForDeploymentPostprocessing = 0;
		};
		F238F730291F6B5500202896 /* Resources */ = {
			isa = PBXResourcesBuildPhase;
			buildActionMask = 2147483647;
			files = (
			);
			runOnlyForDeploymentPostprocessing = 0;
		};
		F238F73A291F6B5500202896 /* Resources */ = {
			isa = PBXResourcesBuildPhase;
			buildActionMask = 2147483647;
			files = (
			);
			runOnlyForDeploymentPostprocessing = 0;
		};
/* End PBXResourcesBuildPhase section */

/* Begin PBXSourcesBuildPhase section */
		F238F718291F6B5300202896 /* Sources */ = {
			isa = PBXSourcesBuildPhase;
			buildActionMask = 2147483647;
			files = (
				F238F724291F6B5300202896 /* ViewController.swift in Sources */,
				F238F720291F6B5300202896 /* AppDelegate.swift in Sources */,
				F238F750291F6B7600202896 /* VideoEditor.swift in Sources */,
				F238F722291F6B5300202896 /* SceneDelegate.swift in Sources */,
			);
			runOnlyForDeploymentPostprocessing = 0;
		};
		F238F72E291F6B5500202896 /* Sources */ = {
			isa = PBXSourcesBuildPhase;
			buildActionMask = 2147483647;
			files = (
				F238F737291F6B5500202896 /* MergeMultipleVideoDemoTests.swift in Sources */,
			);
			runOnlyForDeploymentPostprocessing = 0;
		};
		F238F738291F6B5500202896 /* Sources */ = {
			isa = PBXSourcesBuildPhase;
			buildActionMask = 2147483647;
			files = (
				F238F743291F6B5500202896 /* MergeMultipleVideoDemoUITestsLaunchTests.swift in Sources */,
				F238F741291F6B5500202896 /* MergeMultipleVideoDemoUITests.swift in Sources */,
			);
			runOnlyForDeploymentPostprocessing = 0;
		};
/* End PBXSourcesBuildPhase section */

/* Begin PBXTargetDependency section */
		F238F734291F6B5500202896 /* PBXTargetDependency */ = {
			isa = PBXTargetDependency;
			target = F238F71B291F6B5300202896 /* MergeMultipleVideoDemo */;
			targetProxy = F238F733291F6B5500202896 /* PBXContainerItemProxy */;
		};
		F238F73E291F6B5500202896 /* PBXTargetDependency */ = {
			isa = PBXTargetDependency;
			target = F238F71B291F6B5300202896 /* MergeMultipleVideoDemo */;
			targetProxy = F238F73D291F6B5500202896 /* PBXContainerItemProxy */;
		};
/* End PBXTargetDependency section */

/* Begin PBXVariantGroup section */
		F238F725291F6B5300202896 /* Main.storyboard */ = {
			isa = PBXVariantGroup;
			children = (
				F238F726291F6B5300202896 /* Base */,
			);
			name = Main.storyboard;
			sourceTree = "<group>";
		};
		F238F72A291F6B5500202896 /* LaunchScreen.storyboard */ = {
			isa = PBXVariantGroup;
			children = (
				F238F72B291F6B5500202896 /* Base */,
			);
			name = LaunchScreen.storyboard;
			sourceTree = "<group>";
		};
/* End PBXVariantGroup section */

/* Begin XCBuildConfiguration section */
		F238F744291F6B5500202896 /* Debug */ = {
			isa = XCBuildConfiguration;
			buildSettings = {
				ALWAYS_SEARCH_USER_PATHS = NO;
				CLANG_ANALYZER_NONNULL = YES;
				CLANG_ANALYZER_NUMBER_OBJECT_CONVERSION = YES_AGGRESSIVE;
				CLANG_CXX_LANGUAGE_STANDARD = "gnu++20";
				CLANG_ENABLE_MODULES = YES;
				CLANG_ENABLE_OBJC_ARC = YES;
				CLANG_ENABLE_OBJC_WEAK = YES;
				CLANG_WARN_BLOCK_CAPTURE_AUTORELEASING = YES;
				CLANG_WARN_BOOL_CONVERSION = YES;
				CLANG_WARN_COMMA = YES;
				CLANG_WARN_CONSTANT_CONVERSION = YES;
				CLANG_WARN_DEPRECATED_OBJC_IMPLEMENTATIONS = YES;
				CLANG_WARN_DIRECT_OBJC_ISA_USAGE = YES_ERROR;
				CLANG_WARN_DOCUMENTATION_COMMENTS = YES;
				CLANG_WARN_EMPTY_BODY = YES;
				CLANG_WARN_ENUM_CONVERSION = YES;
				CLANG_WARN_INFINITE_RECURSION = YES;
				CLANG_WARN_INT_CONVERSION = YES;
				CLANG_WARN_NON_LITERAL_NULL_CONVERSION = YES;
				CLANG_WARN_OBJC_IMPLICIT_RETAIN_SELF = YES;
				CLANG_WARN_OBJC_LITERAL_CONVERSION = YES;
				CLANG_WARN_OBJC_ROOT_CLASS = YES_ERROR;
				CLANG_WARN_QUOTED_INCLUDE_IN_FRAMEWORK_HEADER = YES;
				CLANG_WARN_RANGE_LOOP_ANALYSIS = YES;
				CLANG_WARN_STRICT_PROTOTYPES = YES;
				CLANG_WARN_SUSPICIOUS_MOVE = YES;
				CLANG_WARN_UNGUARDED_AVAILABILITY = YES_AGGRESSIVE;
				CLANG_WARN_UNREACHABLE_CODE = YES;
				CLANG_WARN__DUPLICATE_METHOD_MATCH = YES;
				COPY_PHASE_STRIP = NO;
				DEBUG_INFORMATION_FORMAT = dwarf;
				ENABLE_STRICT_OBJC_MSGSEND = YES;
				ENABLE_TESTABILITY = YES;
				GCC_C_LANGUAGE_STANDARD = gnu11;
				GCC_DYNAMIC_NO_PIC = NO;
				GCC_NO_COMMON_BLOCKS = YES;
				GCC_OPTIMIZATION_LEVEL = 0;
				GCC_PREPROCESSOR_DEFINITIONS = (
					"DEBUG=1",
					"$(inherited)",
				);
				GCC_WARN_64_TO_32_BIT_CONVERSION = YES;
				GCC_WARN_ABOUT_RETURN_TYPE = YES_ERROR;
				GCC_WARN_UNDECLARED_SELECTOR = YES;
				GCC_WARN_UNINITIALIZED_AUTOS = YES_AGGRESSIVE;
				GCC_WARN_UNUSED_FUNCTION = YES;
				GCC_WARN_UNUSED_VARIABLE = YES;
				IPHONEOS_DEPLOYMENT_TARGET = 16.1;
				MTL_ENABLE_DEBUG_INFO = INCLUDE_SOURCE;
				MTL_FAST_MATH = YES;
				ONLY_ACTIVE_ARCH = YES;
				SDKROOT = iphoneos;
				SWIFT_ACTIVE_COMPILATION_CONDITIONS = DEBUG;
				SWIFT_OPTIMIZATION_LEVEL = "-Onone";
			};
			name = Debug;
		};
		F238F745291F6B5500202896 /* Release */ = {
			isa = XCBuildConfiguration;
			buildSettings = {
				ALWAYS_SEARCH_USER_PATHS = NO;
				CLANG_ANALYZER_NONNULL = YES;
				CLANG_ANALYZER_NUMBER_OBJECT_CONVERSION = YES_AGGRESSIVE;
				CLANG_CXX_LANGUAGE_STANDARD = "gnu++20";
				CLANG_ENABLE_MODULES = YES;
				CLANG_ENABLE_OBJC_ARC = YES;
				CLANG_ENABLE_OBJC_WEAK = YES;
				CLANG_WARN_BLOCK_CAPTURE_AUTORELEASING = YES;
				CLANG_WARN_BOOL_CONVERSION = YES;
				CLANG_WARN_COMMA = YES;
				CLANG_WARN_CONSTANT_CONVERSION = YES;
				CLANG_WARN_DEPRECATED_OBJC_IMPLEMENTATIONS = YES;
				CLANG_WARN_DIRECT_OBJC_ISA_USAGE = YES_ERROR;
				CLANG_WARN_DOCUMENTATION_COMMENTS = YES;
				CLANG_WARN_EMPTY_BODY = YES;
				CLANG_WARN_ENUM_CONVERSION = YES;
				CLANG_WARN_INFINITE_RECURSION = YES;
				CLANG_WARN_INT_CONVERSION = YES;
				CLANG_WARN_NON_LITERAL_NULL_CONVERSION = YES;
				CLANG_WARN_OBJC_IMPLICIT_RETAIN_SELF = YES;
				CLANG_WARN_OBJC_LITERAL_CONVERSION = YES;
				CLANG_WARN_OBJC_ROOT_CLASS = YES_ERROR;
				CLANG_WARN_QUOTED_INCLUDE_IN_FRAMEWORK_HEADER = YES;
				CLANG_WARN_RANGE_LOOP_ANALYSIS = YES;
				CLANG_WARN_STRICT_PROTOTYPES = YES;
				CLANG_WARN_SUSPICIOUS_MOVE = YES;
				CLANG_WARN_UNGUARDED_AVAILABILITY = YES_AGGRESSIVE;
				CLANG_WARN_UNREACHABLE_CODE = YES;
				CLANG_WARN__DUPLICATE_METHOD_MATCH = YES;
				COPY_PHASE_STRIP = NO;
				DEBUG_INFORMATION_FORMAT = "dwarf-with-dsym";
				ENABLE_NS_ASSERTIONS = NO;
				ENABLE_STRICT_OBJC_MSGSEND = YES;
				GCC_C_LANGUAGE_STANDARD = gnu11;
				GCC_NO_COMMON_BLOCKS = YES;
				GCC_WARN_64_TO_32_BIT_CONVERSION = YES;
				GCC_WARN_ABOUT_RETURN_TYPE = YES_ERROR;
				GCC_WARN_UNDECLARED_SELECTOR = YES;
				GCC_WARN_UNINITIALIZED_AUTOS = YES_AGGRESSIVE;
				GCC_WARN_UNUSED_FUNCTION = YES;
				GCC_WARN_UNUSED_VARIABLE = YES;
				IPHONEOS_DEPLOYMENT_TARGET = 16.1;
				MTL_ENABLE_DEBUG_INFO = NO;
				MTL_FAST_MATH = YES;
				SDKROOT = iphoneos;
				SWIFT_COMPILATION_MODE = wholemodule;
				SWIFT_OPTIMIZATION_LEVEL = "-O";
				VALIDATE_PRODUCT = YES;
			};
			name = Release;
		};
		F238F747291F6B5500202896 /* Debug */ = {
			isa = XCBuildConfiguration;
			buildSettings = {
				ASSETCATALOG_COMPILER_APPICON_NAME = AppIcon;
				ASSETCATALOG_COMPILER_GLOBAL_ACCENT_COLOR_NAME = AccentColor;
				CODE_SIGN_STYLE = Automatic;
				CURRENT_PROJECT_VERSION = 1;
				DEVELOPMENT_TEAM = VT9QW74UCT;
				GENERATE_INFOPLIST_FILE = YES;
				INFOPLIST_FILE = MergeMultipleVideoDemo/Info.plist;
				INFOPLIST_KEY_UIApplicationSupportsIndirectInputEvents = YES;
				INFOPLIST_KEY_UILaunchStoryboardName = LaunchScreen;
				INFOPLIST_KEY_UIMainStoryboardFile = Main;
				INFOPLIST_KEY_UISupportedInterfaceOrientations_iPad = "UIInterfaceOrientationPortrait UIInterfaceOrientationPortraitUpsideDown UIInterfaceOrientationLandscapeLeft UIInterfaceOrientationLandscapeRight";
				INFOPLIST_KEY_UISupportedInterfaceOrientations_iPhone = "UIInterfaceOrientationPortrait UIInterfaceOrientationLandscapeLeft UIInterfaceOrientationLandscapeRight";
				LD_RUNPATH_SEARCH_PATHS = (
					"$(inherited)",
					"@executable_path/Frameworks",
				);
				MARKETING_VERSION = 1.0;
				PRODUCT_BUNDLE_IDENTIFIER = DevOps.MergeMultipleVideoDemo;
				PRODUCT_NAME = "$(TARGET_NAME)";
				SWIFT_EMIT_LOC_STRINGS = YES;
				SWIFT_VERSION = 5.0;
				TARGETED_DEVICE_FAMILY = "1,2";
			};
			name = Debug;
		};
		F238F748291F6B5500202896 /* Release */ = {
			isa = XCBuildConfiguration;
			buildSettings = {
				ASSETCATALOG_COMPILER_APPICON_NAME = AppIcon;
				ASSETCATALOG_COMPILER_GLOBAL_ACCENT_COLOR_NAME = AccentColor;
				CODE_SIGN_STYLE = Automatic;
				CURRENT_PROJECT_VERSION = 1;
				DEVELOPMENT_TEAM = VT9QW74UCT;
				GENERATE_INFOPLIST_FILE = YES;
				INFOPLIST_FILE = MergeMultipleVideoDemo/Info.plist;
				INFOPLIST_KEY_UIApplicationSupportsIndirectInputEvents = YES;
				INFOPLIST_KEY_UILaunchStoryboardName = LaunchScreen;
				INFOPLIST_KEY_UIMainStoryboardFile = Main;
				INFOPLIST_KEY_UISupportedInterfaceOrientations_iPad = "UIInterfaceOrientationPortrait UIInterfaceOrientationPortraitUpsideDown UIInterfaceOrientationLandscapeLeft UIInterfaceOrientationLandscapeRight";
				INFOPLIST_KEY_UISupportedInterfaceOrientations_iPhone = "UIInterfaceOrientationPortrait UIInterfaceOrientationLandscapeLeft UIInterfaceOrientationLandscapeRight";
				LD_RUNPATH_SEARCH_PATHS = (
					"$(inherited)",
					"@executable_path/Frameworks",
				);
				MARKETING_VERSION = 1.0;
				PRODUCT_BUNDLE_IDENTIFIER = DevOps.MergeMultipleVideoDemo;
				PRODUCT_NAME = "$(TARGET_NAME)";
				SWIFT_EMIT_LOC_STRINGS = YES;
				SWIFT_VERSION = 5.0;
				TARGETED_DEVICE_FAMILY = "1,2";
			};
			name = Release;
		};
		F238F74A291F6B5500202896 /* Debug */ = {
			isa = XCBuildConfiguration;
			buildSettings = {
				ALWAYS_EMBED_SWIFT_STANDARD_LIBRARIES = YES;
				BUNDLE_LOADER = "$(TEST_HOST)";
				CODE_SIGN_STYLE = Automatic;
				CURRENT_PROJECT_VERSION = 1;
				DEVELOPMENT_TEAM = VT9QW74UCT;
				GENERATE_INFOPLIST_FILE = YES;
				IPHONEOS_DEPLOYMENT_TARGET = 16.1;
				MARKETING_VERSION = 1.0;
				PRODUCT_BUNDLE_IDENTIFIER = DevOps.MergeMultipleVideoDemoTests;
				PRODUCT_NAME = "$(TARGET_NAME)";
				SWIFT_EMIT_LOC_STRINGS = NO;
				SWIFT_VERSION = 5.0;
				TARGETED_DEVICE_FAMILY = "1,2";
				TEST_HOST = "$(BUILT_PRODUCTS_DIR)/MergeMultipleVideoDemo.app/$(BUNDLE_EXECUTABLE_FOLDER_PATH)/MergeMultipleVideoDemo";
			};
			name = Debug;
		};
		F238F74B291F6B5500202896 /* Release */ = {
			isa = XCBuildConfiguration;
			buildSettings = {
				ALWAYS_EMBED_SWIFT_STANDARD_LIBRARIES = YES;
				BUNDLE_LOADER = "$(TEST_HOST)";
				CODE_SIGN_STYLE = Automatic;
				CURRENT_PROJECT_VERSION = 1;
				DEVELOPMENT_TEAM = VT9QW74UCT;
				GENERATE_INFOPLIST_FILE = YES;
				IPHONEOS_DEPLOYMENT_TARGET = 16.1;
				MARKETING_VERSION = 1.0;
				PRODUCT_BUNDLE_IDENTIFIER = DevOps.MergeMultipleVideoDemoTests;
				PRODUCT_NAME = "$(TARGET_NAME)";
				SWIFT_EMIT_LOC_STRINGS = NO;
				SWIFT_VERSION = 5.0;
				TARGETED_DEVICE_FAMILY = "1,2";
				TEST_HOST = "$(BUILT_PRODUCTS_DIR)/MergeMultipleVideoDemo.app/$(BUNDLE_EXECUTABLE_FOLDER_PATH)/MergeMultipleVideoDemo";
			};
			name = Release;
		};
		F238F74D291F6B5500202896 /* Debug */ = {
			isa = XCBuildConfiguration;
			buildSettings = {
				ALWAYS_EMBED_SWIFT_STANDARD_LIBRARIES = YES;
				CODE_SIGN_STYLE = Automatic;
				CURRENT_PROJECT_VERSION = 1;
				DEVELOPMENT_TEAM = VT9QW74UCT;
				GENERATE_INFOPLIST_FILE = YES;
				MARKETING_VERSION = 1.0;
				PRODUCT_BUNDLE_IDENTIFIER = DevOps.MergeMultipleVideoDemoUITests;
				PRODUCT_NAME = "$(TARGET_NAME)";
				SWIFT_EMIT_LOC_STRINGS = NO;
				SWIFT_VERSION = 5.0;
				TARGETED_DEVICE_FAMILY = "1,2";
				TEST_TARGET_NAME = MergeMultipleVideoDemo;
			};
			name = Debug;
		};
		F238F74E291F6B5500202896 /* Release */ = {
			isa = XCBuildConfiguration;
			buildSettings = {
				ALWAYS_EMBED_SWIFT_STANDARD_LIBRARIES = YES;
				CODE_SIGN_STYLE = Automatic;
				CURRENT_PROJECT_VERSION = 1;
				DEVELOPMENT_TEAM = VT9QW74UCT;
				GENERATE_INFOPLIST_FILE = YES;
				MARKETING_VERSION = 1.0;
				PRODUCT_BUNDLE_IDENTIFIER = DevOps.MergeMultipleVideoDemoUITests;
				PRODUCT_NAME = "$(TARGET_NAME)";
				SWIFT_EMIT_LOC_STRINGS = NO;
				SWIFT_VERSION = 5.0;
				TARGETED_DEVICE_FAMILY = "1,2";
				TEST_TARGET_NAME = MergeMultipleVideoDemo;
			};
			name = Release;
		};
/* End XCBuildConfiguration section */

/* Begin XCConfigurationList section */
		F238F717291F6B5300202896 /* Build configuration list for PBXProject "MergeMultipleVideoDemo" */ = {
			isa = XCConfigurationList;
			buildConfigurations = (
				F238F744291F6B5500202896 /* Debug */,
				F238F745291F6B5500202896 /* Release */,
			);
			defaultConfigurationIsVisible = 0;
			defaultConfigurationName = Release;
		};
		F238F746291F6B5500202896 /* Build configuration list for PBXNativeTarget "MergeMultipleVideoDemo" */ = {
			isa = XCConfigurationList;
			buildConfigurations = (
				F238F747291F6B5500202896 /* Debug */,
				F238F748291F6B5500202896 /* Release */,
			);
			defaultConfigurationIsVisible = 0;
			defaultConfigurationName = Release;
		};
		F238F749291F6B5500202896 /* Build configuration list for PBXNativeTarget "MergeMultipleVideoDemoTests" */ = {
			isa = XCConfigurationList;
			buildConfigurations = (
				F238F74A291F6B5500202896 /* Debug */,
				F238F74B291F6B5500202896 /* Release */,
			);
			defaultConfigurationIsVisible = 0;
			defaultConfigurationName = Release;
		};
		F238F74C291F6B5500202896 /* Build configuration list for PBXNativeTarget "MergeMultipleVideoDemoUITests" */ = {
			isa = XCConfigurationList;
			buildConfigurations = (
				F238F74D291F6B5500202896 /* Debug */,
				F238F74E291F6B5500202896 /* Release */,
			);
			defaultConfigurationIsVisible = 0;
			defaultConfigurationName = Release;
		};
/* End XCConfigurationList section */
	};
	rootObject = F238F714291F6B5300202896 /* Project object */;
}
